
Microsoft Visual Studio Solution File, Format Version 12.00
# Visual Studio Version 16
VisualStudioVersion = 16.0.30804.86
MinimumVisualStudioVersion = 10.0.40219.1
Project("{FAE04EC0-301F-11D3-BF4B-00C04F79EFBC}") = "PaylocityWeb", "PaylocityWeb\PaylocityWeb.csproj", "{4B802DC0-C354-4967-93F3-A0ADBE5BB7BC}"
EndProject
Project("{FAE04EC0-301F-11D3-BF4B-00C04F79EFBC}") = "Paylocity.UnitTest", "Paylocity.UnitTest\Paylocity.UnitTest.csproj", "{52D401C7-B094-4BF2-B69D-7371DA6B1928}"
EndProject
Global
	GlobalSection(SolutionConfigurationPlatforms) = preSolution
		Debug|Any CPU = Debug|Any CPU
		Release|Any CPU = Release|Any CPU
	EndGlobalSection
	GlobalSection(ProjectConfigurationPlatforms) = postSolution
		{4B802DC0-C354-4967-93F3-A0ADBE5BB7BC}.Debug|Any CPU.ActiveCfg = Debug|Any CPU
		{4B802DC0-C354-4967-93F3-A0ADBE5BB7BC}.Debug|Any CPU.Build.0 = Debug|Any CPU
		{4B802DC0-C354-4967-93F3-A0ADBE5BB7BC}.Release|Any CPU.ActiveCfg = Release|Any CPU
		{4B802DC0-C354-4967-93F3-A0ADBE5BB7BC}.Release|Any CPU.Build.0 = Release|Any CPU
		{52D401C7-B094-4BF2-B69D-7371DA6B1928}.Debug|Any CPU.ActiveCfg = Debug|Any CPU
		{52D401C7-B094-4BF2-B69D-7371DA6B1928}.Debug|Any CPU.Build.0 = Debug|Any CPU
		{52D401C7-B094-4BF2-B69D-7371DA6B1928}.Release|Any CPU.ActiveCfg = Release|Any CPU
		{52D401C7-B094-4BF2-B69D-7371DA6B1928}.Release|Any CPU.Build.0 = Release|Any CPU
	EndGlobalSection
	GlobalSection(SolutionProperties) = preSolution
		HideSolutionNode = FALSE
	EndGlobalSection
	GlobalSection(ExtensibilityGlobals) = postSolution
		SolutionGuid = {B927D19B-3784-4344-B132-30A1C5688DE7}
	EndGlobalSection
EndGlobal
